// !$*UTF8*$!
{
	archiveVersion = 1;
	classes = {
	};
	objectVersion = 56;
	objects = {

/* Begin PBXBuildFile section */
		EB2D607B2C658B010043A6EE /* HackerNewsApp.swift in Sources */ = {isa = PBXBuildFile; fileRef = EB2D607A2C658B010043A6EE /* HackerNewsApp.swift */; };
		EB2D607F2C658B050043A6EE /* Assets.xcassets in Resources */ = {isa = PBXBuildFile; fileRef = EB2D607E2C658B050043A6EE /* Assets.xcassets */; };
		EB2D60822C658B050043A6EE /* Preview Assets.xcassets in Resources */ = {isa = PBXBuildFile; fileRef = EB2D60812C658B050043A6EE /* Preview Assets.xcassets */; };
		EB2D60842C658B050043A6EE /* Persistence.swift in Sources */ = {isa = PBXBuildFile; fileRef = EB2D60832C658B050043A6EE /* Persistence.swift */; };
		EB2D60872C658B050043A6EE /* HackerNews.xcdatamodeld in Sources */ = {isa = PBXBuildFile; fileRef = EB2D60852C658B050043A6EE /* HackerNews.xcdatamodeld */; };
		EB2D609B2C658B060043A6EE /* HackerNewsUITests.swift in Sources */ = {isa = PBXBuildFile; fileRef = EB2D609A2C658B060043A6EE /* HackerNewsUITests.swift */; };
		EB2D609D2C658B060043A6EE /* HackerNewsUITestsLaunchTests.swift in Sources */ = {isa = PBXBuildFile; fileRef = EB2D609C2C658B060043A6EE /* HackerNewsUITestsLaunchTests.swift */; };
		EB2D60B12C658F4C0043A6EE /* HNResult.swift in Sources */ = {isa = PBXBuildFile; fileRef = EB2D60B02C658F4C0043A6EE /* HNResult.swift */; };
		EB2D60B32C658FD80043A6EE /* HNResponse.swift in Sources */ = {isa = PBXBuildFile; fileRef = EB2D60B22C658FD80043A6EE /* HNResponse.swift */; };
		EB2D60B82C6590E10043A6EE /* HNServiceApi.swift in Sources */ = {isa = PBXBuildFile; fileRef = EB2D60B72C6590E10043A6EE /* HNServiceApi.swift */; };
		EB2D60BA2C6591720043A6EE /* HNServiceImpl.swift in Sources */ = {isa = PBXBuildFile; fileRef = EB2D60B92C6591720043A6EE /* HNServiceImpl.swift */; };
		EB2D60BD2C6593970043A6EE /* NewsRepository.swift in Sources */ = {isa = PBXBuildFile; fileRef = EB2D60BC2C6593970043A6EE /* NewsRepository.swift */; };
		EB2D60C02C6594020043A6EE /* NewsItem.swift in Sources */ = {isa = PBXBuildFile; fileRef = EB2D60BF2C6594020043A6EE /* NewsItem.swift */; };
		EB2D60C22C6596730043A6EE /* NewsRepositoryImpl.swift in Sources */ = {isa = PBXBuildFile; fileRef = EB2D60C12C6596730043A6EE /* NewsRepositoryImpl.swift */; };
		EB2D60C62C65997E0043A6EE /* GetNewsUseCase.swift in Sources */ = {isa = PBXBuildFile; fileRef = EB2D60C52C65997E0043A6EE /* GetNewsUseCase.swift */; };
		EB2D60C82C6599DA0043A6EE /* GetNewsUseCaseImpl.swift in Sources */ = {isa = PBXBuildFile; fileRef = EB2D60C72C6599DA0043A6EE /* GetNewsUseCaseImpl.swift */; };
		EB2D60CA2C659A6C0043A6EE /* NewsFeedView.swift in Sources */ = {isa = PBXBuildFile; fileRef = EB2D60C92C659A6C0043A6EE /* NewsFeedView.swift */; };
		EB2D60CE2C65C2580043A6EE /* BanNewsItemUseCase.swift in Sources */ = {isa = PBXBuildFile; fileRef = EB2D60CD2C65C2580043A6EE /* BanNewsItemUseCase.swift */; };
		EB2D60D02C65C2890043A6EE /* BanNewsItemUseCaseImpl.swift in Sources */ = {isa = PBXBuildFile; fileRef = EB2D60CF2C65C2890043A6EE /* BanNewsItemUseCaseImpl.swift */; };
		EB2D60D32C65C59B0043A6EE /* NewsLocalDataSource.swift in Sources */ = {isa = PBXBuildFile; fileRef = EB2D60D22C65C59B0043A6EE /* NewsLocalDataSource.swift */; };
		EB2D60D52C65C61B0043A6EE /* NewsLocalDataSourceImpl.swift in Sources */ = {isa = PBXBuildFile; fileRef = EB2D60D42C65C61B0043A6EE /* NewsLocalDataSourceImpl.swift */; };
		EB2D60D82C6919D70043A6EE /* NewsCoordinator.swift in Sources */ = {isa = PBXBuildFile; fileRef = EB2D60D72C6919D70043A6EE /* NewsCoordinator.swift */; };
		EB2D60DA2C691AC30043A6EE /* NewsFeedDetail.swift in Sources */ = {isa = PBXBuildFile; fileRef = EB2D60D92C691AC30043A6EE /* NewsFeedDetail.swift */; };
		EB2D60DD2C69204F0043A6EE /* NewsLocalDataSourceImplTests.swift in Sources */ = {isa = PBXBuildFile; fileRef = EB2D60DC2C69204F0043A6EE /* NewsLocalDataSourceImplTests.swift */; };
		EB2D60E12C69688C0043A6EE /* MockHNResponse.json in Resources */ = {isa = PBXBuildFile; fileRef = EB2D60E02C69688B0043A6EE /* MockHNResponse.json */; };
		EB2D60E32C69695B0043A6EE /* NewsItemStub.swift in Sources */ = {isa = PBXBuildFile; fileRef = EB2D60E22C69695B0043A6EE /* NewsItemStub.swift */; };
		EB2D60E62C696A830043A6EE /* NewsItemMapper.swift in Sources */ = {isa = PBXBuildFile; fileRef = EB2D60E52C696A830043A6EE /* NewsItemMapper.swift */; };
/* End PBXBuildFile section */

/* Begin PBXContainerItemProxy section */
		EB2D608D2C658B060043A6EE /* PBXContainerItemProxy */ = {
			isa = PBXContainerItemProxy;
			containerPortal = EB2D606F2C658B010043A6EE /* Project object */;
			proxyType = 1;
			remoteGlobalIDString = EB2D60762C658B010043A6EE;
			remoteInfo = HackerNews;
		};
		EB2D60972C658B060043A6EE /* PBXContainerItemProxy */ = {
			isa = PBXContainerItemProxy;
			containerPortal = EB2D606F2C658B010043A6EE /* Project object */;
			proxyType = 1;
			remoteGlobalIDString = EB2D60762C658B010043A6EE;
			remoteInfo = HackerNews;
		};
/* End PBXContainerItemProxy section */

/* Begin PBXFileReference section */
		EB2D60772C658B010043A6EE /* HackerNews.app */ = {isa = PBXFileReference; explicitFileType = wrapper.application; includeInIndex = 0; path = HackerNews.app; sourceTree = BUILT_PRODUCTS_DIR; };
		EB2D607A2C658B010043A6EE /* HackerNewsApp.swift */ = {isa = PBXFileReference; lastKnownFileType = sourcecode.swift; path = HackerNewsApp.swift; sourceTree = "<group>"; };
		EB2D607E2C658B050043A6EE /* Assets.xcassets */ = {isa = PBXFileReference; lastKnownFileType = folder.assetcatalog; path = Assets.xcassets; sourceTree = "<group>"; };
		EB2D60812C658B050043A6EE /* Preview Assets.xcassets */ = {isa = PBXFileReference; lastKnownFileType = folder.assetcatalog; path = "Preview Assets.xcassets"; sourceTree = "<group>"; };
		EB2D60832C658B050043A6EE /* Persistence.swift */ = {isa = PBXFileReference; lastKnownFileType = sourcecode.swift; path = Persistence.swift; sourceTree = "<group>"; };
		EB2D60862C658B050043A6EE /* HackerNews.xcdatamodel */ = {isa = PBXFileReference; lastKnownFileType = wrapper.xcdatamodel; path = HackerNews.xcdatamodel; sourceTree = "<group>"; };
		EB2D608C2C658B060043A6EE /* HackerNewsTests.xctest */ = {isa = PBXFileReference; explicitFileType = wrapper.cfbundle; includeInIndex = 0; path = HackerNewsTests.xctest; sourceTree = BUILT_PRODUCTS_DIR; };
		EB2D60962C658B060043A6EE /* HackerNewsUITests.xctest */ = {isa = PBXFileReference; explicitFileType = wrapper.cfbundle; includeInIndex = 0; path = HackerNewsUITests.xctest; sourceTree = BUILT_PRODUCTS_DIR; };
		EB2D609A2C658B060043A6EE /* HackerNewsUITests.swift */ = {isa = PBXFileReference; lastKnownFileType = sourcecode.swift; path = HackerNewsUITests.swift; sourceTree = "<group>"; };
		EB2D609C2C658B060043A6EE /* HackerNewsUITestsLaunchTests.swift */ = {isa = PBXFileReference; lastKnownFileType = sourcecode.swift; path = HackerNewsUITestsLaunchTests.swift; sourceTree = "<group>"; };
		EB2D60B02C658F4C0043A6EE /* HNResult.swift */ = {isa = PBXFileReference; lastKnownFileType = sourcecode.swift; path = HNResult.swift; sourceTree = "<group>"; };
		EB2D60B22C658FD80043A6EE /* HNResponse.swift */ = {isa = PBXFileReference; lastKnownFileType = sourcecode.swift; path = HNResponse.swift; sourceTree = "<group>"; };
		EB2D60B72C6590E10043A6EE /* HNServiceApi.swift */ = {isa = PBXFileReference; lastKnownFileType = sourcecode.swift; path = HNServiceApi.swift; sourceTree = "<group>"; };
		EB2D60B92C6591720043A6EE /* HNServiceImpl.swift */ = {isa = PBXFileReference; lastKnownFileType = sourcecode.swift; path = HNServiceImpl.swift; sourceTree = "<group>"; };
		EB2D60BC2C6593970043A6EE /* NewsRepository.swift */ = {isa = PBXFileReference; lastKnownFileType = sourcecode.swift; path = NewsRepository.swift; sourceTree = "<group>"; };
		EB2D60BF2C6594020043A6EE /* NewsItem.swift */ = {isa = PBXFileReference; lastKnownFileType = sourcecode.swift; path = NewsItem.swift; sourceTree = "<group>"; };
		EB2D60C12C6596730043A6EE /* NewsRepositoryImpl.swift */ = {isa = PBXFileReference; lastKnownFileType = sourcecode.swift; path = NewsRepositoryImpl.swift; sourceTree = "<group>"; };
		EB2D60C52C65997E0043A6EE /* GetNewsUseCase.swift */ = {isa = PBXFileReference; lastKnownFileType = sourcecode.swift; path = GetNewsUseCase.swift; sourceTree = "<group>"; };
		EB2D60C72C6599DA0043A6EE /* GetNewsUseCaseImpl.swift */ = {isa = PBXFileReference; lastKnownFileType = sourcecode.swift; path = GetNewsUseCaseImpl.swift; sourceTree = "<group>"; };
		EB2D60C92C659A6C0043A6EE /* NewsFeedView.swift */ = {isa = PBXFileReference; lastKnownFileType = sourcecode.swift; path = NewsFeedView.swift; sourceTree = "<group>"; };
		EB2D60CD2C65C2580043A6EE /* BanNewsItemUseCase.swift */ = {isa = PBXFileReference; lastKnownFileType = sourcecode.swift; path = BanNewsItemUseCase.swift; sourceTree = "<group>"; };
		EB2D60CF2C65C2890043A6EE /* BanNewsItemUseCaseImpl.swift */ = {isa = PBXFileReference; lastKnownFileType = sourcecode.swift; path = BanNewsItemUseCaseImpl.swift; sourceTree = "<group>"; };
		EB2D60D22C65C59B0043A6EE /* NewsLocalDataSource.swift */ = {isa = PBXFileReference; lastKnownFileType = sourcecode.swift; path = NewsLocalDataSource.swift; sourceTree = "<group>"; };
		EB2D60D42C65C61B0043A6EE /* NewsLocalDataSourceImpl.swift */ = {isa = PBXFileReference; lastKnownFileType = sourcecode.swift; path = NewsLocalDataSourceImpl.swift; sourceTree = "<group>"; };
		EB2D60D72C6919D70043A6EE /* NewsCoordinator.swift */ = {isa = PBXFileReference; lastKnownFileType = sourcecode.swift; path = NewsCoordinator.swift; sourceTree = "<group>"; };
		EB2D60D92C691AC30043A6EE /* NewsFeedDetail.swift */ = {isa = PBXFileReference; lastKnownFileType = sourcecode.swift; path = NewsFeedDetail.swift; sourceTree = "<group>"; };
		EB2D60DC2C69204F0043A6EE /* NewsLocalDataSourceImplTests.swift */ = {isa = PBXFileReference; lastKnownFileType = sourcecode.swift; path = NewsLocalDataSourceImplTests.swift; sourceTree = "<group>"; };
		EB2D60E02C69688B0043A6EE /* MockHNResponse.json */ = {isa = PBXFileReference; lastKnownFileType = text.json; path = MockHNResponse.json; sourceTree = "<group>"; };
		EB2D60E22C69695B0043A6EE /* NewsItemStub.swift */ = {isa = PBXFileReference; lastKnownFileType = sourcecode.swift; path = NewsItemStub.swift; sourceTree = "<group>"; };
		EB2D60E52C696A830043A6EE /* NewsItemMapper.swift */ = {isa = PBXFileReference; lastKnownFileType = sourcecode.swift; path = NewsItemMapper.swift; sourceTree = "<group>"; };
/* End PBXFileReference section */

/* Begin PBXFrameworksBuildPhase section */
		EB2D60742C658B010043A6EE /* Frameworks */ = {
			isa = PBXFrameworksBuildPhase;
			buildActionMask = 2147483647;
			files = (
			);
			runOnlyForDeploymentPostprocessing = 0;
		};
		EB2D60892C658B060043A6EE /* Frameworks */ = {
			isa = PBXFrameworksBuildPhase;
			buildActionMask = 2147483647;
			files = (
			);
			runOnlyForDeploymentPostprocessing = 0;
		};
		EB2D60932C658B060043A6EE /* Frameworks */ = {
			isa = PBXFrameworksBuildPhase;
			buildActionMask = 2147483647;
			files = (
			);
			runOnlyForDeploymentPostprocessing = 0;
		};
/* End PBXFrameworksBuildPhase section */

/* Begin PBXGroup section */
		EB2D606E2C658B010043A6EE = {
			isa = PBXGroup;
			children = (
				EB2D60792C658B010043A6EE /* HackerNews */,
				EB2D608F2C658B060043A6EE /* HackerNewsTests */,
				EB2D60992C658B060043A6EE /* HackerNewsUITests */,
				EB2D60782C658B010043A6EE /* Products */,
			);
			sourceTree = "<group>";
		};
		EB2D60782C658B010043A6EE /* Products */ = {
			isa = PBXGroup;
			children = (
				EB2D60772C658B010043A6EE /* HackerNews.app */,
				EB2D608C2C658B060043A6EE /* HackerNewsTests.xctest */,
				EB2D60962C658B060043A6EE /* HackerNewsUITests.xctest */,
			);
			name = Products;
			sourceTree = "<group>";
		};
		EB2D60792C658B010043A6EE /* HackerNews */ = {
			isa = PBXGroup;
			children = (
				EB2D60A92C658C560043A6EE /* Data */,
				EB2D60AA2C658C5C0043A6EE /* Domain */,
				EB2D60AB2C658C620043A6EE /* Presentation */,
				EB2D607A2C658B010043A6EE /* HackerNewsApp.swift */,
				EB2D607E2C658B050043A6EE /* Assets.xcassets */,
				EB2D60832C658B050043A6EE /* Persistence.swift */,
				EB2D60852C658B050043A6EE /* HackerNews.xcdatamodeld */,
				EB2D60802C658B050043A6EE /* Preview Content */,
			);
			path = HackerNews;
			sourceTree = "<group>";
		};
		EB2D60802C658B050043A6EE /* Preview Content */ = {
			isa = PBXGroup;
			children = (
				EB2D60812C658B050043A6EE /* Preview Assets.xcassets */,
			);
			path = "Preview Content";
			sourceTree = "<group>";
		};
		EB2D608F2C658B060043A6EE /* HackerNewsTests */ = {
			isa = PBXGroup;
			children = (
				EB2D60DF2C6968460043A6EE /* Stub */,
				EB2D60DB2C691F950043A6EE /* Data */,
			);
			path = HackerNewsTests;
			sourceTree = "<group>";
		};
		EB2D60992C658B060043A6EE /* HackerNewsUITests */ = {
			isa = PBXGroup;
			children = (
				EB2D609A2C658B060043A6EE /* HackerNewsUITests.swift */,
				EB2D609C2C658B060043A6EE /* HackerNewsUITestsLaunchTests.swift */,
			);
			path = HackerNewsUITests;
			sourceTree = "<group>";
		};
		EB2D60A92C658C560043A6EE /* Data */ = {
			isa = PBXGroup;
			children = (
				EB2D60E42C696A6E0043A6EE /* Mappers */,
				EB2D60C32C65993B0043A6EE /* Repositories */,
				EB2D60B42C6590950043A6EE /* DataSources */,
				EB2D60AF2C658ECF0043A6EE /* Entities */,
			);
			path = Data;
			sourceTree = "<group>";
		};
		EB2D60AA2C658C5C0043A6EE /* Domain */ = {
			isa = PBXGroup;
			children = (
				EB2D60C42C65996E0043A6EE /* UseCases */,
				EB2D60BB2C6593790043A6EE /* Repositories */,
				EB2D60AE2C658EC10043A6EE /* Entities */,
			);
			path = Domain;
			sourceTree = "<group>";
		};
		EB2D60AB2C658C620043A6EE /* Presentation */ = {
			isa = PBXGroup;
			children = (
				EB2D60D62C6919A60043A6EE /* Coordinator */,
				EB2D60AD2C658E8A0043A6EE /* Detail */,
				EB2D60AC2C658CB90043A6EE /* Feed */,
			);
			path = Presentation;
			sourceTree = "<group>";
		};
		EB2D60AC2C658CB90043A6EE /* Feed */ = {
			isa = PBXGroup;
			children = (
				EB2D60C92C659A6C0043A6EE /* NewsFeedView.swift */,
			);
			path = Feed;
			sourceTree = "<group>";
		};
		EB2D60AD2C658E8A0043A6EE /* Detail */ = {
			isa = PBXGroup;
			children = (
				EB2D60D92C691AC30043A6EE /* NewsFeedDetail.swift */,
			);
			path = Detail;
			sourceTree = "<group>";
		};
		EB2D60AE2C658EC10043A6EE /* Entities */ = {
			isa = PBXGroup;
			children = (
				EB2D60BF2C6594020043A6EE /* NewsItem.swift */,
			);
			path = Entities;
			sourceTree = "<group>";
		};
		EB2D60AF2C658ECF0043A6EE /* Entities */ = {
			isa = PBXGroup;
			children = (
				EB2D60B02C658F4C0043A6EE /* HNResult.swift */,
				EB2D60B22C658FD80043A6EE /* HNResponse.swift */,
			);
			path = Entities;
			sourceTree = "<group>";
		};
		EB2D60B42C6590950043A6EE /* DataSources */ = {
			isa = PBXGroup;
			children = (
				EB2D60B52C65909B0043A6EE /* Remote */,
				EB2D60B62C6590A00043A6EE /* Local */,
			);
			path = DataSources;
			sourceTree = "<group>";
		};
		EB2D60B52C65909B0043A6EE /* Remote */ = {
			isa = PBXGroup;
			children = (
				EB2D60B72C6590E10043A6EE /* HNServiceApi.swift */,
				EB2D60B92C6591720043A6EE /* HNServiceImpl.swift */,
			);
			path = Remote;
			sourceTree = "<group>";
		};
		EB2D60B62C6590A00043A6EE /* Local */ = {
			isa = PBXGroup;
			children = (
				EB2D60D22C65C59B0043A6EE /* NewsLocalDataSource.swift */,
				EB2D60D42C65C61B0043A6EE /* NewsLocalDataSourceImpl.swift */,
			);
			path = Local;
			sourceTree = "<group>";
		};
		EB2D60BB2C6593790043A6EE /* Repositories */ = {
			isa = PBXGroup;
			children = (
				EB2D60BC2C6593970043A6EE /* NewsRepository.swift */,
			);
			path = Repositories;
			sourceTree = "<group>";
		};
		EB2D60C32C65993B0043A6EE /* Repositories */ = {
			isa = PBXGroup;
			children = (
				EB2D60C12C6596730043A6EE /* NewsRepositoryImpl.swift */,
			);
			path = Repositories;
			sourceTree = "<group>";
		};
		EB2D60C42C65996E0043A6EE /* UseCases */ = {
			isa = PBXGroup;
			children = (
				EB2D60CC2C65C21E0043A6EE /* BanNewsItem */,
				EB2D60CB2C65C2120043A6EE /* GetNews */,
			);
			path = UseCases;
			sourceTree = "<group>";
		};
		EB2D60CB2C65C2120043A6EE /* GetNews */ = {
			isa = PBXGroup;
			children = (
				EB2D60C52C65997E0043A6EE /* GetNewsUseCase.swift */,
				EB2D60C72C6599DA0043A6EE /* GetNewsUseCaseImpl.swift */,
			);
			path = GetNews;
			sourceTree = "<group>";
		};
		EB2D60CC2C65C21E0043A6EE /* BanNewsItem */ = {
			isa = PBXGroup;
			children = (
				EB2D60CD2C65C2580043A6EE /* BanNewsItemUseCase.swift */,
				EB2D60CF2C65C2890043A6EE /* BanNewsItemUseCaseImpl.swift */,
			);
			path = BanNewsItem;
			sourceTree = "<group>";
		};
		EB2D60D62C6919A60043A6EE /* Coordinator */ = {
			isa = PBXGroup;
			children = (
				EB2D60D72C6919D70043A6EE /* NewsCoordinator.swift */,
			);
			path = Coordinator;
			sourceTree = "<group>";
		};
		EB2D60DB2C691F950043A6EE /* Data */ = {
			isa = PBXGroup;
			children = (
				EB2D60DC2C69204F0043A6EE /* NewsLocalDataSourceImplTests.swift */,
			);
			path = Data;
			sourceTree = "<group>";
		};
		EB2D60DF2C6968460043A6EE /* Stub */ = {
			isa = PBXGroup;
			children = (
				EB2D60E02C69688B0043A6EE /* MockHNResponse.json */,
				EB2D60E22C69695B0043A6EE /* NewsItemStub.swift */,
			);
			path = Stub;
			sourceTree = "<group>";
		};
		EB2D60E42C696A6E0043A6EE /* Mappers */ = {
			isa = PBXGroup;
			children = (
				EB2D60E52C696A830043A6EE /* NewsItemMapper.swift */,
			);
			path = Mappers;
			sourceTree = "<group>";
		};
/* End PBXGroup section */

/* Begin PBXNativeTarget section */
		EB2D60762C658B010043A6EE /* HackerNews */ = {
			isa = PBXNativeTarget;
			buildConfigurationList = EB2D60A02C658B060043A6EE /* Build configuration list for PBXNativeTarget "HackerNews" */;
			buildPhases = (
				EB2D60732C658B010043A6EE /* Sources */,
				EB2D60742C658B010043A6EE /* Frameworks */,
				EB2D60752C658B010043A6EE /* Resources */,
			);
			buildRules = (
			);
			dependencies = (
			);
			name = HackerNews;
			productName = HackerNews;
			productReference = EB2D60772C658B010043A6EE /* HackerNews.app */;
			productType = "com.apple.product-type.application";
		};
		EB2D608B2C658B060043A6EE /* HackerNewsTests */ = {
			isa = PBXNativeTarget;
			buildConfigurationList = EB2D60A32C658B060043A6EE /* Build configuration list for PBXNativeTarget "HackerNewsTests" */;
			buildPhases = (
				EB2D60882C658B060043A6EE /* Sources */,
				EB2D60892C658B060043A6EE /* Frameworks */,
				EB2D608A2C658B060043A6EE /* Resources */,
			);
			buildRules = (
			);
			dependencies = (
				EB2D608E2C658B060043A6EE /* PBXTargetDependency */,
			);
			name = HackerNewsTests;
			productName = HackerNewsTests;
			productReference = EB2D608C2C658B060043A6EE /* HackerNewsTests.xctest */;
			productType = "com.apple.product-type.bundle.unit-test";
		};
		EB2D60952C658B060043A6EE /* HackerNewsUITests */ = {
			isa = PBXNativeTarget;
			buildConfigurationList = EB2D60A62C658B060043A6EE /* Build configuration list for PBXNativeTarget "HackerNewsUITests" */;
			buildPhases = (
				EB2D60922C658B060043A6EE /* Sources */,
				EB2D60932C658B060043A6EE /* Frameworks */,
				EB2D60942C658B060043A6EE /* Resources */,
			);
			buildRules = (
			);
			dependencies = (
				EB2D60982C658B060043A6EE /* PBXTargetDependency */,
			);
			name = HackerNewsUITests;
			productName = HackerNewsUITests;
			productReference = EB2D60962C658B060043A6EE /* HackerNewsUITests.xctest */;
			productType = "com.apple.product-type.bundle.ui-testing";
		};
/* End PBXNativeTarget section */

/* Begin PBXProject section */
		EB2D606F2C658B010043A6EE /* Project object */ = {
			isa = PBXProject;
			attributes = {
				BuildIndependentTargetsInParallel = 1;
				LastSwiftUpdateCheck = 1540;
				LastUpgradeCheck = 1540;
				TargetAttributes = {
					EB2D60762C658B010043A6EE = {
						CreatedOnToolsVersion = 15.4;
					};
					EB2D608B2C658B060043A6EE = {
						CreatedOnToolsVersion = 15.4;
						LastSwiftMigration = 1540;
						TestTargetID = EB2D60762C658B010043A6EE;
					};
					EB2D60952C658B060043A6EE = {
						CreatedOnToolsVersion = 15.4;
						TestTargetID = EB2D60762C658B010043A6EE;
					};
				};
			};
			buildConfigurationList = EB2D60722C658B010043A6EE /* Build configuration list for PBXProject "HackerNews" */;
			compatibilityVersion = "Xcode 14.0";
			developmentRegion = en;
			hasScannedForEncodings = 0;
			knownRegions = (
				en,
				Base,
			);
			mainGroup = EB2D606E2C658B010043A6EE;
			productRefGroup = EB2D60782C658B010043A6EE /* Products */;
			projectDirPath = "";
			projectRoot = "";
			targets = (
				EB2D60762C658B010043A6EE /* HackerNews */,
				EB2D608B2C658B060043A6EE /* HackerNewsTests */,
				EB2D60952C658B060043A6EE /* HackerNewsUITests */,
			);
		};
/* End PBXProject section */

/* Begin PBXResourcesBuildPhase section */
		EB2D60752C658B010043A6EE /* Resources */ = {
			isa = PBXResourcesBuildPhase;
			buildActionMask = 2147483647;
			files = (
				EB2D60822C658B050043A6EE /* Preview Assets.xcassets in Resources */,
				EB2D607F2C658B050043A6EE /* Assets.xcassets in Resources */,
			);
			runOnlyForDeploymentPostprocessing = 0;
		};
		EB2D608A2C658B060043A6EE /* Resources */ = {
			isa = PBXResourcesBuildPhase;
			buildActionMask = 2147483647;
			files = (
				EB2D60E12C69688C0043A6EE /* MockHNResponse.json in Resources */,
			);
			runOnlyForDeploymentPostprocessing = 0;
		};
		EB2D60942C658B060043A6EE /* Resources */ = {
			isa = PBXResourcesBuildPhase;
			buildActionMask = 2147483647;
			files = (
			);
			runOnlyForDeploymentPostprocessing = 0;
		};
/* End PBXResourcesBuildPhase section */

/* Begin PBXSourcesBuildPhase section */
		EB2D60732C658B010043A6EE /* Sources */ = {
			isa = PBXSourcesBuildPhase;
			buildActionMask = 2147483647;
			files = (
				EB2D60B82C6590E10043A6EE /* HNServiceApi.swift in Sources */,
				EB2D60DA2C691AC30043A6EE /* NewsFeedDetail.swift in Sources */,
				EB2D60C62C65997E0043A6EE /* GetNewsUseCase.swift in Sources */,
				EB2D60C02C6594020043A6EE /* NewsItem.swift in Sources */,
				EB2D60D52C65C61B0043A6EE /* NewsLocalDataSourceImpl.swift in Sources */,
				EB2D60B32C658FD80043A6EE /* HNResponse.swift in Sources */,
				EB2D60D32C65C59B0043A6EE /* NewsLocalDataSource.swift in Sources */,
				EB2D60C82C6599DA0043A6EE /* GetNewsUseCaseImpl.swift in Sources */,
				EB2D60842C658B050043A6EE /* Persistence.swift in Sources */,
				EB2D60B12C658F4C0043A6EE /* HNResult.swift in Sources */,
				EB2D60872C658B050043A6EE /* HackerNews.xcdatamodeld in Sources */,
				EB2D607B2C658B010043A6EE /* HackerNewsApp.swift in Sources */,
				EB2D60E62C696A830043A6EE /* NewsItemMapper.swift in Sources */,
				EB2D60D82C6919D70043A6EE /* NewsCoordinator.swift in Sources */,
				EB2D60C22C6596730043A6EE /* NewsRepositoryImpl.swift in Sources */,
				EB2D60CA2C659A6C0043A6EE /* NewsFeedView.swift in Sources */,
				EB2D60BA2C6591720043A6EE /* HNServiceImpl.swift in Sources */,
				EB2D60CE2C65C2580043A6EE /* BanNewsItemUseCase.swift in Sources */,
				EB2D60BD2C6593970043A6EE /* NewsRepository.swift in Sources */,
				EB2D60D02C65C2890043A6EE /* BanNewsItemUseCaseImpl.swift in Sources */,
			);
			runOnlyForDeploymentPostprocessing = 0;
		};
		EB2D60882C658B060043A6EE /* Sources */ = {
			isa = PBXSourcesBuildPhase;
			buildActionMask = 2147483647;
			files = (
				EB2D60DD2C69204F0043A6EE /* NewsLocalDataSourceImplTests.swift in Sources */,
				EB2D60E32C69695B0043A6EE /* NewsItemStub.swift in Sources */,
			);
			runOnlyForDeploymentPostprocessing = 0;
		};
		EB2D60922C658B060043A6EE /* Sources */ = {
			isa = PBXSourcesBuildPhase;
			buildActionMask = 2147483647;
			files = (
				EB2D609B2C658B060043A6EE /* HackerNewsUITests.swift in Sources */,
				EB2D609D2C658B060043A6EE /* HackerNewsUITestsLaunchTests.swift in Sources */,
			);
			runOnlyForDeploymentPostprocessing = 0;
		};
/* End PBXSourcesBuildPhase section */

/* Begin PBXTargetDependency section */
		EB2D608E2C658B060043A6EE /* PBXTargetDependency */ = {
			isa = PBXTargetDependency;
			target = EB2D60762C658B010043A6EE /* HackerNews */;
			targetProxy = EB2D608D2C658B060043A6EE /* PBXContainerItemProxy */;
		};
		EB2D60982C658B060043A6EE /* PBXTargetDependency */ = {
			isa = PBXTargetDependency;
			target = EB2D60762C658B010043A6EE /* HackerNews */;
			targetProxy = EB2D60972C658B060043A6EE /* PBXContainerItemProxy */;
		};
/* End PBXTargetDependency section */

/* Begin XCBuildConfiguration section */
		EB2D609E2C658B060043A6EE /* Debug */ = {
			isa = XCBuildConfiguration;
			buildSettings = {
				ALWAYS_SEARCH_USER_PATHS = NO;
				ASSETCATALOG_COMPILER_GENERATE_SWIFT_ASSET_SYMBOL_EXTENSIONS = YES;
				CLANG_ANALYZER_NONNULL = YES;
				CLANG_ANALYZER_NUMBER_OBJECT_CONVERSION = YES_AGGRESSIVE;
				CLANG_CXX_LANGUAGE_STANDARD = "gnu++20";
				CLANG_ENABLE_MODULES = YES;
				CLANG_ENABLE_OBJC_ARC = YES;
				CLANG_ENABLE_OBJC_WEAK = YES;
				CLANG_WARN_BLOCK_CAPTURE_AUTORELEASING = YES;
				CLANG_WARN_BOOL_CONVERSION = YES;
				CLANG_WARN_COMMA = YES;
				CLANG_WARN_CONSTANT_CONVERSION = YES;
				CLANG_WARN_DEPRECATED_OBJC_IMPLEMENTATIONS = YES;
				CLANG_WARN_DIRECT_OBJC_ISA_USAGE = YES_ERROR;
				CLANG_WARN_DOCUMENTATION_COMMENTS = YES;
				CLANG_WARN_EMPTY_BODY = YES;
				CLANG_WARN_ENUM_CONVERSION = YES;
				CLANG_WARN_INFINITE_RECURSION = YES;
				CLANG_WARN_INT_CONVERSION = YES;
				CLANG_WARN_NON_LITERAL_NULL_CONVERSION = YES;
				CLANG_WARN_OBJC_IMPLICIT_RETAIN_SELF = YES;
				CLANG_WARN_OBJC_LITERAL_CONVERSION = YES;
				CLANG_WARN_OBJC_ROOT_CLASS = YES_ERROR;
				CLANG_WARN_QUOTED_INCLUDE_IN_FRAMEWORK_HEADER = YES;
				CLANG_WARN_RANGE_LOOP_ANALYSIS = YES;
				CLANG_WARN_STRICT_PROTOTYPES = YES;
				CLANG_WARN_SUSPICIOUS_MOVE = YES;
				CLANG_WARN_UNGUARDED_AVAILABILITY = YES_AGGRESSIVE;
				CLANG_WARN_UNREACHABLE_CODE = YES;
				CLANG_WARN__DUPLICATE_METHOD_MATCH = YES;
				COPY_PHASE_STRIP = NO;
				DEBUG_INFORMATION_FORMAT = dwarf;
				ENABLE_STRICT_OBJC_MSGSEND = YES;
				ENABLE_TESTABILITY = YES;
				ENABLE_USER_SCRIPT_SANDBOXING = YES;
				GCC_C_LANGUAGE_STANDARD = gnu17;
				GCC_DYNAMIC_NO_PIC = NO;
				GCC_NO_COMMON_BLOCKS = YES;
				GCC_OPTIMIZATION_LEVEL = 0;
				GCC_PREPROCESSOR_DEFINITIONS = (
					"DEBUG=1",
					"$(inherited)",
				);
				GCC_WARN_64_TO_32_BIT_CONVERSION = YES;
				GCC_WARN_ABOUT_RETURN_TYPE = YES_ERROR;
				GCC_WARN_UNDECLARED_SELECTOR = YES;
				GCC_WARN_UNINITIALIZED_AUTOS = YES_AGGRESSIVE;
				GCC_WARN_UNUSED_FUNCTION = YES;
				GCC_WARN_UNUSED_VARIABLE = YES;
				IPHONEOS_DEPLOYMENT_TARGET = 17.5;
				LOCALIZATION_PREFERS_STRING_CATALOGS = YES;
				MTL_ENABLE_DEBUG_INFO = INCLUDE_SOURCE;
				MTL_FAST_MATH = YES;
				ONLY_ACTIVE_ARCH = YES;
				SDKROOT = iphoneos;
				SWIFT_ACTIVE_COMPILATION_CONDITIONS = "DEBUG $(inherited)";
				SWIFT_OPTIMIZATION_LEVEL = "-Onone";
			};
			name = Debug;
		};
		EB2D609F2C658B060043A6EE /* Release */ = {
			isa = XCBuildConfiguration;
			buildSettings = {
				ALWAYS_SEARCH_USER_PATHS = NO;
				ASSETCATALOG_COMPILER_GENERATE_SWIFT_ASSET_SYMBOL_EXTENSIONS = YES;
				CLANG_ANALYZER_NONNULL = YES;
				CLANG_ANALYZER_NUMBER_OBJECT_CONVERSION = YES_AGGRESSIVE;
				CLANG_CXX_LANGUAGE_STANDARD = "gnu++20";
				CLANG_ENABLE_MODULES = YES;
				CLANG_ENABLE_OBJC_ARC = YES;
				CLANG_ENABLE_OBJC_WEAK = YES;
				CLANG_WARN_BLOCK_CAPTURE_AUTORELEASING = YES;
				CLANG_WARN_BOOL_CONVERSION = YES;
				CLANG_WARN_COMMA = YES;
				CLANG_WARN_CONSTANT_CONVERSION = YES;
				CLANG_WARN_DEPRECATED_OBJC_IMPLEMENTATIONS = YES;
				CLANG_WARN_DIRECT_OBJC_ISA_USAGE = YES_ERROR;
				CLANG_WARN_DOCUMENTATION_COMMENTS = YES;
				CLANG_WARN_EMPTY_BODY = YES;
				CLANG_WARN_ENUM_CONVERSION = YES;
				CLANG_WARN_INFINITE_RECURSION = YES;
				CLANG_WARN_INT_CONVERSION = YES;
				CLANG_WARN_NON_LITERAL_NULL_CONVERSION = YES;
				CLANG_WARN_OBJC_IMPLICIT_RETAIN_SELF = YES;
				CLANG_WARN_OBJC_LITERAL_CONVERSION = YES;
				CLANG_WARN_OBJC_ROOT_CLASS = YES_ERROR;
				CLANG_WARN_QUOTED_INCLUDE_IN_FRAMEWORK_HEADER = YES;
				CLANG_WARN_RANGE_LOOP_ANALYSIS = YES;
				CLANG_WARN_STRICT_PROTOTYPES = YES;
				CLANG_WARN_SUSPICIOUS_MOVE = YES;
				CLANG_WARN_UNGUARDED_AVAILABILITY = YES_AGGRESSIVE;
				CLANG_WARN_UNREACHABLE_CODE = YES;
				CLANG_WARN__DUPLICATE_METHOD_MATCH = YES;
				COPY_PHASE_STRIP = NO;
				DEBUG_INFORMATION_FORMAT = "dwarf-with-dsym";
				ENABLE_NS_ASSERTIONS = NO;
				ENABLE_STRICT_OBJC_MSGSEND = YES;
				ENABLE_USER_SCRIPT_SANDBOXING = YES;
				GCC_C_LANGUAGE_STANDARD = gnu17;
				GCC_NO_COMMON_BLOCKS = YES;
				GCC_WARN_64_TO_32_BIT_CONVERSION = YES;
				GCC_WARN_ABOUT_RETURN_TYPE = YES_ERROR;
				GCC_WARN_UNDECLARED_SELECTOR = YES;
				GCC_WARN_UNINITIALIZED_AUTOS = YES_AGGRESSIVE;
				GCC_WARN_UNUSED_FUNCTION = YES;
				GCC_WARN_UNUSED_VARIABLE = YES;
				IPHONEOS_DEPLOYMENT_TARGET = 17.5;
				LOCALIZATION_PREFERS_STRING_CATALOGS = YES;
				MTL_ENABLE_DEBUG_INFO = NO;
				MTL_FAST_MATH = YES;
				SDKROOT = iphoneos;
				SWIFT_COMPILATION_MODE = wholemodule;
				VALIDATE_PRODUCT = YES;
			};
			name = Release;
		};
		EB2D60A12C658B060043A6EE /* Debug */ = {
			isa = XCBuildConfiguration;
			buildSettings = {
				ASSETCATALOG_COMPILER_APPICON_NAME = AppIcon;
				ASSETCATALOG_COMPILER_GLOBAL_ACCENT_COLOR_NAME = AccentColor;
				CODE_SIGN_STYLE = Automatic;
				CURRENT_PROJECT_VERSION = 1;
				DEVELOPMENT_ASSET_PATHS = "\"HackerNews/Preview Content\"";
				ENABLE_PREVIEWS = YES;
				GENERATE_INFOPLIST_FILE = YES;
				INFOPLIST_KEY_UIApplicationSceneManifest_Generation = YES;
				INFOPLIST_KEY_UIApplicationSupportsIndirectInputEvents = YES;
				INFOPLIST_KEY_UILaunchScreen_Generation = YES;
				INFOPLIST_KEY_UISupportedInterfaceOrientations_iPad = "UIInterfaceOrientationPortrait UIInterfaceOrientationPortraitUpsideDown UIInterfaceOrientationLandscapeLeft UIInterfaceOrientationLandscapeRight";
				INFOPLIST_KEY_UISupportedInterfaceOrientations_iPhone = "UIInterfaceOrientationPortrait UIInterfaceOrientationLandscapeLeft UIInterfaceOrientationLandscapeRight";
				LD_RUNPATH_SEARCH_PATHS = (
					"$(inherited)",
					"@executable_path/Frameworks",
				);
				MARKETING_VERSION = 1.0;
				PRODUCT_BUNDLE_IDENTIFIER = rothen.pedro.HackerNews;
				PRODUCT_NAME = "$(TARGET_NAME)";
				SWIFT_EMIT_LOC_STRINGS = YES;
				SWIFT_VERSION = 5.0;
				TARGETED_DEVICE_FAMILY = "1,2";
			};
			name = Debug;
		};
		EB2D60A22C658B060043A6EE /* Release */ = {
			isa = XCBuildConfiguration;
			buildSettings = {
				ASSETCATALOG_COMPILER_APPICON_NAME = AppIcon;
				ASSETCATALOG_COMPILER_GLOBAL_ACCENT_COLOR_NAME = AccentColor;
				CODE_SIGN_STYLE = Automatic;
				CURRENT_PROJECT_VERSION = 1;
				DEVELOPMENT_ASSET_PATHS = "\"HackerNews/Preview Content\"";
				ENABLE_PREVIEWS = YES;
				GENERATE_INFOPLIST_FILE = YES;
				INFOPLIST_KEY_UIApplicationSceneManifest_Generation = YES;
				INFOPLIST_KEY_UIApplicationSupportsIndirectInputEvents = YES;
				INFOPLIST_KEY_UILaunchScreen_Generation = YES;
				INFOPLIST_KEY_UISupportedInterfaceOrientations_iPad = "UIInterfaceOrientationPortrait UIInterfaceOrientationPortraitUpsideDown UIInterfaceOrientationLandscapeLeft UIInterfaceOrientationLandscapeRight";
				INFOPLIST_KEY_UISupportedInterfaceOrientations_iPhone = "UIInterfaceOrientationPortrait UIInterfaceOrientationLandscapeLeft UIInterfaceOrientationLandscapeRight";
				LD_RUNPATH_SEARCH_PATHS = (
					"$(inherited)",
					"@executable_path/Frameworks",
				);
				MARKETING_VERSION = 1.0;
				PRODUCT_BUNDLE_IDENTIFIER = rothen.pedro.HackerNews;
				PRODUCT_NAME = "$(TARGET_NAME)";
				SWIFT_EMIT_LOC_STRINGS = YES;
				SWIFT_VERSION = 5.0;
				TARGETED_DEVICE_FAMILY = "1,2";
			};
			name = Release;
		};
		EB2D60A42C658B060043A6EE /* Debug */ = {
			isa = XCBuildConfiguration;
			buildSettings = {
				ALWAYS_EMBED_SWIFT_STANDARD_LIBRARIES = YES;
				BUNDLE_LOADER = "$(TEST_HOST)";
				CLANG_ENABLE_MODULES = YES;
				CODE_SIGN_STYLE = Automatic;
				CURRENT_PROJECT_VERSION = 1;
				GENERATE_INFOPLIST_FILE = YES;
				IPHONEOS_DEPLOYMENT_TARGET = 17.5;
				MARKETING_VERSION = 1.0;
				PRODUCT_BUNDLE_IDENTIFIER = rothen.pedro.HackerNewsTests;
				PRODUCT_NAME = "$(TARGET_NAME)";
				SWIFT_EMIT_LOC_STRINGS = NO;
				SWIFT_OPTIMIZATION_LEVEL = "-Onone";
				SWIFT_VERSION = 5.0;
				TARGETED_DEVICE_FAMILY = "1,2";
				TEST_HOST = "$(BUILT_PRODUCTS_DIR)/HackerNews.app/$(BUNDLE_EXECUTABLE_FOLDER_PATH)/HackerNews";
			};
			name = Debug;
		};
		EB2D60A52C658B060043A6EE /* Release */ = {
			isa = XCBuildConfiguration;
			buildSettings = {
				ALWAYS_EMBED_SWIFT_STANDARD_LIBRARIES = YES;
				BUNDLE_LOADER = "$(TEST_HOST)";
				CLANG_ENABLE_MODULES = YES;
				CODE_SIGN_STYLE = Automatic;
				CURRENT_PROJECT_VERSION = 1;
				GENERATE_INFOPLIST_FILE = YES;
				IPHONEOS_DEPLOYMENT_TARGET = 17.5;
				MARKETING_VERSION = 1.0;
				PRODUCT_BUNDLE_IDENTIFIER = rothen.pedro.HackerNewsTests;
				PRODUCT_NAME = "$(TARGET_NAME)";
				SWIFT_EMIT_LOC_STRINGS = NO;
				SWIFT_VERSION = 5.0;
				TARGETED_DEVICE_FAMILY = "1,2";
				TEST_HOST = "$(BUILT_PRODUCTS_DIR)/HackerNews.app/$(BUNDLE_EXECUTABLE_FOLDER_PATH)/HackerNews";
			};
			name = Release;
		};
		EB2D60A72C658B060043A6EE /* Debug */ = {
			isa = XCBuildConfiguration;
			buildSettings = {
				ALWAYS_EMBED_SWIFT_STANDARD_LIBRARIES = YES;
				CODE_SIGN_STYLE = Automatic;
				CURRENT_PROJECT_VERSION = 1;
				GENERATE_INFOPLIST_FILE = YES;
				MARKETING_VERSION = 1.0;
				PRODUCT_BUNDLE_IDENTIFIER = rothen.pedro.HackerNewsUITests;
				PRODUCT_NAME = "$(TARGET_NAME)";
				SWIFT_EMIT_LOC_STRINGS = NO;
				SWIFT_VERSION = 5.0;
				TARGETED_DEVICE_FAMILY = "1,2";
				TEST_TARGET_NAME = HackerNews;
			};
			name = Debug;
		};
		EB2D60A82C658B060043A6EE /* Release */ = {
			isa = XCBuildConfiguration;
			buildSettings = {
				ALWAYS_EMBED_SWIFT_STANDARD_LIBRARIES = YES;
				CODE_SIGN_STYLE = Automatic;
				CURRENT_PROJECT_VERSION = 1;
				GENERATE_INFOPLIST_FILE = YES;
				MARKETING_VERSION = 1.0;
				PRODUCT_BUNDLE_IDENTIFIER = rothen.pedro.HackerNewsUITests;
				PRODUCT_NAME = "$(TARGET_NAME)";
				SWIFT_EMIT_LOC_STRINGS = NO;
				SWIFT_VERSION = 5.0;
				TARGETED_DEVICE_FAMILY = "1,2";
				TEST_TARGET_NAME = HackerNews;
			};
			name = Release;
		};
/* End XCBuildConfiguration section */

/* Begin XCConfigurationList section */
		EB2D60722C658B010043A6EE /* Build configuration list for PBXProject "HackerNews" */ = {
			isa = XCConfigurationList;
			buildConfigurations = (
				EB2D609E2C658B060043A6EE /* Debug */,
				EB2D609F2C658B060043A6EE /* Release */,
			);
			defaultConfigurationIsVisible = 0;
			defaultConfigurationName = Release;
		};
		EB2D60A02C658B060043A6EE /* Build configuration list for PBXNativeTarget "HackerNews" */ = {
			isa = XCConfigurationList;
			buildConfigurations = (
				EB2D60A12C658B060043A6EE /* Debug */,
				EB2D60A22C658B060043A6EE /* Release */,
			);
			defaultConfigurationIsVisible = 0;
			defaultConfigurationName = Release;
		};
		EB2D60A32C658B060043A6EE /* Build configuration list for PBXNativeTarget "HackerNewsTests" */ = {
			isa = XCConfigurationList;
			buildConfigurations = (
				EB2D60A42C658B060043A6EE /* Debug */,
				EB2D60A52C658B060043A6EE /* Release */,
			);
			defaultConfigurationIsVisible = 0;
			defaultConfigurationName = Release;
		};
		EB2D60A62C658B060043A6EE /* Build configuration list for PBXNativeTarget "HackerNewsUITests" */ = {
			isa = XCConfigurationList;
			buildConfigurations = (
				EB2D60A72C658B060043A6EE /* Debug */,
				EB2D60A82C658B060043A6EE /* Release */,
			);
			defaultConfigurationIsVisible = 0;
			defaultConfigurationName = Release;
		};
/* End XCConfigurationList section */

/* Begin XCVersionGroup section */
		EB2D60852C658B050043A6EE /* HackerNews.xcdatamodeld */ = {
			isa = XCVersionGroup;
			children = (
				EB2D60862C658B050043A6EE /* HackerNews.xcdatamodel */,
			);
			currentVersion = EB2D60862C658B050043A6EE /* HackerNews.xcdatamodel */;
			path = HackerNews.xcdatamodeld;
			sourceTree = "<group>";
			versionGroupType = wrapper.xcdatamodel;
		};
/* End XCVersionGroup section */
	};
	rootObject = EB2D606F2C658B010043A6EE /* Project object */;
}
